
Microsoft Visual Studio Solution File, Format Version 12.00
# Visual Studio Version 16
VisualStudioVersion = 16.0.31624.102
MinimumVisualStudioVersion = 10.0.40219.1
Project("{9A19103F-16F7-4668-BE54-9A1E7A4F7556}") = "DIO.Series", "DIO.Series\DIO.Series.csproj", "{D1B6C12E-C5D2-4C02-91C7-94442BBF0B18}"
EndProject
Project("{FAE04EC0-301F-11D3-BF4B-00C04F79EFBC}") = "DIO.Series.Console", "DIO.Series.Console\DIO.Series.Console.csproj", "{9AEA5C20-E4AA-46C4-BF84-B9E4AEA7B7F1}"
EndProject
Project("{FAE04EC0-301F-11D3-BF4B-00C04F79EFBC}") = "DIO.Series.Web", "DIO.Series.Web\DIO.Series.Web.csproj", "{C37C4F6B-5616-43E7-9461-123BAD01054C}"
EndProject
Global
	GlobalSection(SolutionConfigurationPlatforms) = preSolution
		Debug|Any CPU = Debug|Any CPU
		Release|Any CPU = Release|Any CPU
	EndGlobalSection
	GlobalSection(ProjectConfigurationPlatforms) = postSolution
		{D1B6C12E-C5D2-4C02-91C7-94442BBF0B18}.Debug|Any CPU.ActiveCfg = Debug|Any CPU
		{D1B6C12E-C5D2-4C02-91C7-94442BBF0B18}.Debug|Any CPU.Build.0 = Debug|Any CPU
		{D1B6C12E-C5D2-4C02-91C7-94442BBF0B18}.Release|Any CPU.ActiveCfg = Release|Any CPU
		{D1B6C12E-C5D2-4C02-91C7-94442BBF0B18}.Release|Any CPU.Build.0 = Release|Any CPU
		{9AEA5C20-E4AA-46C4-BF84-B9E4AEA7B7F1}.Debug|Any CPU.ActiveCfg = Debug|Any CPU
		{9AEA5C20-E4AA-46C4-BF84-B9E4AEA7B7F1}.Debug|Any CPU.Build.0 = Debug|Any CPU
		{9AEA5C20-E4AA-46C4-BF84-B9E4AEA7B7F1}.Release|Any CPU.ActiveCfg = Release|Any CPU
		{9AEA5C20-E4AA-46C4-BF84-B9E4AEA7B7F1}.Release|Any CPU.Build.0 = Release|Any CPU
		{C37C4F6B-5616-43E7-9461-123BAD01054C}.Debug|Any CPU.ActiveCfg = Debug|Any CPU
		{C37C4F6B-5616-43E7-9461-123BAD01054C}.Debug|Any CPU.Build.0 = Debug|Any CPU
		{C37C4F6B-5616-43E7-9461-123BAD01054C}.Release|Any CPU.ActiveCfg = Release|Any CPU
		{C37C4F6B-5616-43E7-9461-123BAD01054C}.Release|Any CPU.Build.0 = Release|Any CPU
	EndGlobalSection
	GlobalSection(SolutionProperties) = preSolution
		HideSolutionNode = FALSE
	EndGlobalSection
	GlobalSection(ExtensibilityGlobals) = postSolution
		SolutionGuid = {5238EDB5-7F8C-4EA6-8F83-1C118C4C7E34}
	EndGlobalSection
EndGlobal
